// !$*UTF8*$!
{
	archiveVersion = 1;
	classes = {
	};
	objectVersion = 77;
	objects = {

/* Begin PBXBuildFile section */
		7D7607392ED6656B0030FF38 /* WINRSDK in Frameworks */ = {isa = PBXBuildFile; productRef = 7D7607382ED6656B0030FF38 /* WINRSDK */; };
		7DC28E8B2ED6239400DF46E4 /* WINRSDK in Frameworks */ = {isa = PBXBuildFile; productRef = 7DC28E8A2ED6239400DF46E4 /* WINRSDK */; };
/* End PBXBuildFile section */

/* Begin PBXContainerItemProxy section */
		7D8AE1972ED6207D00A433E3 /* PBXContainerItemProxy */ = {
			isa = PBXContainerItemProxy;
			containerPortal = 7D8AE1782ED6207C00A433E3 /* Project object */;
			proxyType = 1;
			remoteGlobalIDString = 7D8AE17F2ED6207C00A433E3;
			remoteInfo = WINRExample;
		};
		7D8AE1A12ED6207D00A433E3 /* PBXContainerItemProxy */ = {
			isa = PBXContainerItemProxy;
			containerPortal = 7D8AE1782ED6207C00A433E3 /* Project object */;
			proxyType = 1;
			remoteGlobalIDString = 7D8AE17F2ED6207C00A433E3;
			remoteInfo = WINRExample;
		};
/* End PBXContainerItemProxy section */

/* Begin PBXFileReference section */
		7D8AE1802ED6207C00A433E3 /* WINRExample.app */ = {isa = PBXFileReference; explicitFileType = wrapper.application; includeInIndex = 0; path = WINRExample.app; sourceTree = BUILT_PRODUCTS_DIR; };
		7D8AE1962ED6207D00A433E3 /* WINRExampleTests.xctest */ = {isa = PBXFileReference; explicitFileType = wrapper.cfbundle; includeInIndex = 0; path = WINRExampleTests.xctest; sourceTree = BUILT_PRODUCTS_DIR; };
		7D8AE1A02ED6207D00A433E3 /* WINRExampleUITests.xctest */ = {isa = PBXFileReference; explicitFileType = wrapper.cfbundle; includeInIndex = 0; path = WINRExampleUITests.xctest; sourceTree = BUILT_PRODUCTS_DIR; };
/* End PBXFileReference section */

/* Begin PBXFileSystemSynchronizedBuildFileExceptionSet section */
		7D8AE1A82ED6207D00A433E3 /* Exceptions for "WINRExample" folder in "WINRExample" target */ = {
			isa = PBXFileSystemSynchronizedBuildFileExceptionSet;
			membershipExceptions = (
				Info.plist,
			);
			target = 7D8AE17F2ED6207C00A433E3 /* WINRExample */;
		};
/* End PBXFileSystemSynchronizedBuildFileExceptionSet section */

/* Begin PBXFileSystemSynchronizedRootGroup section */
		7D8AE1822ED6207C00A433E3 /* WINRExample */ = {
			isa = PBXFileSystemSynchronizedRootGroup;
			exceptions = (
				7D8AE1A82ED6207D00A433E3 /* Exceptions for "WINRExample" folder in "WINRExample" target */,
			);
			path = WINRExample;
			sourceTree = "<group>";
		};
		7D8AE1992ED6207D00A433E3 /* WINRExampleTests */ = {
			isa = PBXFileSystemSynchronizedRootGroup;
			path = WINRExampleTests;
			sourceTree = "<group>";
		};
		7D8AE1A32ED6207D00A433E3 /* WINRExampleUITests */ = {
			isa = PBXFileSystemSynchronizedRootGroup;
			path = WINRExampleUITests;
			sourceTree = "<group>";
		};
/* End PBXFileSystemSynchronizedRootGroup section */

/* Begin PBXFrameworksBuildPhase section */
		7D8AE17D2ED6207C00A433E3 /* Frameworks */ = {
			isa = PBXFrameworksBuildPhase;
			buildActionMask = 2147483647;
			files = (
				7DC28E8B2ED6239400DF46E4 /* WINRSDK in Frameworks */,
				7D7607392ED6656B0030FF38 /* WINRSDK in Frameworks */,
			);
			runOnlyForDeploymentPostprocessing = 0;
		};
		7D8AE1932ED6207D00A433E3 /* Frameworks */ = {
			isa = PBXFrameworksBuildPhase;
			buildActionMask = 2147483647;
			files = (
			);
			runOnlyForDeploymentPostprocessing = 0;
		};
		7D8AE19D2ED6207D00A433E3 /* Frameworks */ = {
			isa = PBXFrameworksBuildPhase;
			buildActionMask = 2147483647;
			files = (
			);
			runOnlyForDeploymentPostprocessing = 0;
		};
/* End PBXFrameworksBuildPhase section */

/* Begin PBXGroup section */
		7D8AE1772ED6207C00A433E3 = {
			isa = PBXGroup;
			children = (
				7D8AE1822ED6207C00A433E3 /* WINRExample */,
				7D8AE1992ED6207D00A433E3 /* WINRExampleTests */,
				7D8AE1A32ED6207D00A433E3 /* WINRExampleUITests */,
				7D8AE1812ED6207C00A433E3 /* Products */,
			);
			sourceTree = "<group>";
		};
		7D8AE1812ED6207C00A433E3 /* Products */ = {
			isa = PBXGroup;
			children = (
				7D8AE1802ED6207C00A433E3 /* WINRExample.app */,
				7D8AE1962ED6207D00A433E3 /* WINRExampleTests.xctest */,
				7D8AE1A02ED6207D00A433E3 /* WINRExampleUITests.xctest */,
			);
			name = Products;
			sourceTree = "<group>";
		};
/* End PBXGroup section */

/* Begin PBXNativeTarget section */
		7D8AE17F2ED6207C00A433E3 /* WINRExample */ = {
			isa = PBXNativeTarget;
			buildConfigurationList = 7D8AE1A92ED6207D00A433E3 /* Build configuration list for PBXNativeTarget "WINRExample" */;
			buildPhases = (
				7D8AE17C2ED6207C00A433E3 /* Sources */,
				7D8AE17D2ED6207C00A433E3 /* Frameworks */,
				7D8AE17E2ED6207C00A433E3 /* Resources */,
			);
			buildRules = (
			);
			dependencies = (
			);
			fileSystemSynchronizedGroups = (
				7D8AE1822ED6207C00A433E3 /* WINRExample */,
			);
			name = WINRExample;
			packageProductDependencies = (
				7DC28E8A2ED6239400DF46E4 /* WINRSDK */,
				7D7607382ED6656B0030FF38 /* WINRSDK */,
			);
			productName = WINRExample;
			productReference = 7D8AE1802ED6207C00A433E3 /* WINRExample.app */;
			productType = "com.apple.product-type.application";
		};
		7D8AE1952ED6207D00A433E3 /* WINRExampleTests */ = {
			isa = PBXNativeTarget;
			buildConfigurationList = 7D8AE1AE2ED6207D00A433E3 /* Build configuration list for PBXNativeTarget "WINRExampleTests" */;
			buildPhases = (
				7D8AE1922ED6207D00A433E3 /* Sources */,
				7D8AE1932ED6207D00A433E3 /* Frameworks */,
				7D8AE1942ED6207D00A433E3 /* Resources */,
			);
			buildRules = (
			);
			dependencies = (
				7D8AE1982ED6207D00A433E3 /* PBXTargetDependency */,
			);
			fileSystemSynchronizedGroups = (
				7D8AE1992ED6207D00A433E3 /* WINRExampleTests */,
			);
			name = WINRExampleTests;
			packageProductDependencies = (
			);
			productName = WINRExampleTests;
			productReference = 7D8AE1962ED6207D00A433E3 /* WINRExampleTests.xctest */;
			productType = "com.apple.product-type.bundle.unit-test";
		};
		7D8AE19F2ED6207D00A433E3 /* WINRExampleUITests */ = {
			isa = PBXNativeTarget;
			buildConfigurationList = 7D8AE1B12ED6207D00A433E3 /* Build configuration list for PBXNativeTarget "WINRExampleUITests" */;
			buildPhases = (
				7D8AE19C2ED6207D00A433E3 /* Sources */,
				7D8AE19D2ED6207D00A433E3 /* Frameworks */,
				7D8AE19E2ED6207D00A433E3 /* Resources */,
			);
			buildRules = (
			);
			dependencies = (
				7D8AE1A22ED6207D00A433E3 /* PBXTargetDependency */,
			);
			fileSystemSynchronizedGroups = (
				7D8AE1A32ED6207D00A433E3 /* WINRExampleUITests */,
			);
			name = WINRExampleUITests;
			packageProductDependencies = (
			);
			productName = WINRExampleUITests;
			productReference = 7D8AE1A02ED6207D00A433E3 /* WINRExampleUITests.xctest */;
			productType = "com.apple.product-type.bundle.ui-testing";
		};
/* End PBXNativeTarget section */

/* Begin PBXProject section */
		7D8AE1782ED6207C00A433E3 /* Project object */ = {
			isa = PBXProject;
			attributes = {
				BuildIndependentTargetsInParallel = 1;
				LastSwiftUpdateCheck = 1640;
				LastUpgradeCheck = 1640;
				TargetAttributes = {
					7D8AE17F2ED6207C00A433E3 = {
						CreatedOnToolsVersion = 16.4;
					};
					7D8AE1952ED6207D00A433E3 = {
						CreatedOnToolsVersion = 16.4;
						TestTargetID = 7D8AE17F2ED6207C00A433E3;
					};
					7D8AE19F2ED6207D00A433E3 = {
						CreatedOnToolsVersion = 16.4;
						TestTargetID = 7D8AE17F2ED6207C00A433E3;
					};
				};
			};
			buildConfigurationList = 7D8AE17B2ED6207C00A433E3 /* Build configuration list for PBXProject "WINRExample" */;
			developmentRegion = en;
			hasScannedForEncodings = 0;
			knownRegions = (
				en,
				Base,
			);
			mainGroup = 7D8AE1772ED6207C00A433E3;
			minimizedProjectReferenceProxies = 1;
			packageReferences = (
				7D7607372ED6656B0030FF38 /* XCLocalSwiftPackageReference ".." */,
			);
			preferredProjectObjectVersion = 77;
			productRefGroup = 7D8AE1812ED6207C00A433E3 /* Products */;
			projectDirPath = "";
			projectRoot = "";
			targets = (
				7D8AE17F2ED6207C00A433E3 /* WINRExample */,
				7D8AE1952ED6207D00A433E3 /* WINRExampleTests */,
				7D8AE19F2ED6207D00A433E3 /* WINRExampleUITests */,
			);
		};
/* End PBXProject section */

/* Begin PBXResourcesBuildPhase section */
		7D8AE17E2ED6207C00A433E3 /* Resources */ = {
			isa = PBXResourcesBuildPhase;
			buildActionMask = 2147483647;
			files = (
			);
			runOnlyForDeploymentPostprocessing = 0;
		};
		7D8AE1942ED6207D00A433E3 /* Resources */ = {
			isa = PBXResourcesBuildPhase;
			buildActionMask = 2147483647;
			files = (
			);
			runOnlyForDeploymentPostprocessing = 0;
		};
		7D8AE19E2ED6207D00A433E3 /* Resources */ = {
			isa = PBXResourcesBuildPhase;
			buildActionMask = 2147483647;
			files = (
			);
			runOnlyForDeploymentPostprocessing = 0;
		};
/* End PBXResourcesBuildPhase section */

/* Begin PBXSourcesBuildPhase section */
		7D8AE17C2ED6207C00A433E3 /* Sources */ = {
			isa = PBXSourcesBuildPhase;
			buildActionMask = 2147483647;
			files = (
			);
			runOnlyForDeploymentPostprocessing = 0;
		};
		7D8AE1922ED6207D00A433E3 /* Sources */ = {
			isa = PBXSourcesBuildPhase;
			buildActionMask = 2147483647;
			files = (
			);
			runOnlyForDeploymentPostprocessing = 0;
		};
		7D8AE19C2ED6207D00A433E3 /* Sources */ = {
			isa = PBXSourcesBuildPhase;
			buildActionMask = 2147483647;
			files = (
			);
			runOnlyForDeploymentPostprocessing = 0;
		};
/* End PBXSourcesBuildPhase section */

/* Begin PBXTargetDependency section */
		7D8AE1982ED6207D00A433E3 /* PBXTargetDependency */ = {
			isa = PBXTargetDependency;
			target = 7D8AE17F2ED6207C00A433E3 /* WINRExample */;
			targetProxy = 7D8AE1972ED6207D00A433E3 /* PBXContainerItemProxy */;
		};
		7D8AE1A22ED6207D00A433E3 /* PBXTargetDependency */ = {
			isa = PBXTargetDependency;
			target = 7D8AE17F2ED6207C00A433E3 /* WINRExample */;
			targetProxy = 7D8AE1A12ED6207D00A433E3 /* PBXContainerItemProxy */;
		};
/* End PBXTargetDependency section */

/* Begin XCBuildConfiguration section */
		7D8AE1AA2ED6207D00A433E3 /* Debug */ = {
			isa = XCBuildConfiguration;
			buildSettings = {
				ASSETCATALOG_COMPILER_APPICON_NAME = AppIcon;
				ASSETCATALOG_COMPILER_GLOBAL_ACCENT_COLOR_NAME = AccentColor;
				CODE_SIGN_STYLE = Automatic;
				CURRENT_PROJECT_VERSION = 1;
				DEVELOPMENT_TEAM = 2VZHH854RQ;
				GENERATE_INFOPLIST_FILE = YES;
				INFOPLIST_FILE = WINRExample/Info.plist;
				INFOPLIST_KEY_NSUserTrackingUsageDescription = "This app uses your device identifier to provide personalized sweepstakes entries and rewards.";
				INFOPLIST_KEY_UIApplicationSupportsIndirectInputEvents = YES;
				INFOPLIST_KEY_UILaunchStoryboardName = LaunchScreen;
				INFOPLIST_KEY_UIMainStoryboardFile = Main;
				INFOPLIST_KEY_UISupportedInterfaceOrientations_iPad = "UIInterfaceOrientationPortrait UIInterfaceOrientationPortraitUpsideDown UIInterfaceOrientationLandscapeLeft UIInterfaceOrientationLandscapeRight";
				INFOPLIST_KEY_UISupportedInterfaceOrientations_iPhone = "UIInterfaceOrientationPortrait UIInterfaceOrientationLandscapeLeft UIInterfaceOrientationLandscapeRight";
				LD_RUNPATH_SEARCH_PATHS = (
					"$(inherited)",
					"@executable_path/Frameworks",
				);
				MARKETING_VERSION = 1.0;
				PRODUCT_BUNDLE_IDENTIFIER = com.avafli.winr.example;
				PRODUCT_NAME = "$(TARGET_NAME)";
				SWIFT_EMIT_LOC_STRINGS = YES;
				SWIFT_VERSION = 5.0;
				TARGETED_DEVICE_FAMILY = "1,2";
			};
			name = Debug;
		};
		7D8AE1AB2ED6207D00A433E3 /* Release */ = {
			isa = XCBuildConfiguration;
			buildSettings = {
				ASSETCATALOG_COMPILER_APPICON_NAME = AppIcon;
				ASSETCATALOG_COMPILER_GLOBAL_ACCENT_COLOR_NAME = AccentColor;
				CODE_SIGN_STYLE = Automatic;
				CURRENT_PROJECT_VERSION = 1;
				DEVELOPMENT_TEAM = 2VZHH854RQ;
				GENERATE_INFOPLIST_FILE = YES;
				INFOPLIST_FILE = WINRExample/Info.plist;
				INFOPLIST_KEY_NSUserTrackingUsageDescription = "This app uses your device identifier to provide personalized sweepstakes entries and rewards.";
				INFOPLIST_KEY_UIApplicationSupportsIndirectInputEvents = YES;
				INFOPLIST_KEY_UILaunchStoryboardName = LaunchScreen;
				INFOPLIST_KEY_UIMainStoryboardFile = Main;
				INFOPLIST_KEY_UISupportedInterfaceOrientations_iPad = "UIInterfaceOrientationPortrait UIInterfaceOrientationPortraitUpsideDown UIInterfaceOrientationLandscapeLeft UIInterfaceOrientationLandscapeRight";
				INFOPLIST_KEY_UISupportedInterfaceOrientations_iPhone = "UIInterfaceOrientationPortrait UIInterfaceOrientationLandscapeLeft UIInterfaceOrientationLandscapeRight";
				LD_RUNPATH_SEARCH_PATHS = (
					"$(inherited)",
					"@executable_path/Frameworks",
				);
				MARKETING_VERSION = 1.0;
				PRODUCT_BUNDLE_IDENTIFIER = com.avafli.winr.example;
				PRODUCT_NAME = "$(TARGET_NAME)";
				SWIFT_EMIT_LOC_STRINGS = YES;
				SWIFT_VERSION = 5.0;
				TARGETED_DEVICE_FAMILY = "1,2";
			};
			name = Release;
		};
		7D8AE1AC2ED6207D00A433E3 /* Debug */ = {
			isa = XCBuildConfiguration;
			buildSettings = {
				ALWAYS_SEARCH_USER_PATHS = NO;
				ASSETCATALOG_COMPILER_GENERATE_SWIFT_ASSET_SYMBOL_EXTENSIONS = YES;
				CLANG_ANALYZER_NONNULL = YES;
				CLANG_ANALYZER_NUMBER_OBJECT_CONVERSION = YES_AGGRESSIVE;
				CLANG_CXX_LANGUAGE_STANDARD = "gnu++20";
				CLANG_ENABLE_MODULES = YES;
				CLANG_ENABLE_OBJC_ARC = YES;
				CLANG_ENABLE_OBJC_WEAK = YES;
				CLANG_WARN_BLOCK_CAPTURE_AUTORELEASING = YES;
				CLANG_WARN_BOOL_CONVERSION = YES;
				CLANG_WARN_COMMA = YES;
				CLANG_WARN_CONSTANT_CONVERSION = YES;
				CLANG_WARN_DEPRECATED_OBJC_IMPLEMENTATIONS = YES;
				CLANG_WARN_DIRECT_OBJC_ISA_USAGE = YES_ERROR;
				CLANG_WARN_DOCUMENTATION_COMMENTS = YES;
				CLANG_WARN_EMPTY_BODY = YES;
				CLANG_WARN_ENUM_CONVERSION = YES;
				CLANG_WARN_INFINITE_RECURSION = YES;
				CLANG_WARN_INT_CONVERSION = YES;
				CLANG_WARN_NON_LITERAL_NULL_CONVERSION = YES;
				CLANG_WARN_OBJC_IMPLICIT_RETAIN_SELF = YES;
				CLANG_WARN_OBJC_LITERAL_CONVERSION = YES;
				CLANG_WARN_OBJC_ROOT_CLASS = YES_ERROR;
				CLANG_WARN_QUOTED_INCLUDE_IN_FRAMEWORK_HEADER = YES;
				CLANG_WARN_RANGE_LOOP_ANALYSIS = YES;
				CLANG_WARN_STRICT_PROTOTYPES = YES;
				CLANG_WARN_SUSPICIOUS_MOVE = YES;
				CLANG_WARN_UNGUARDED_AVAILABILITY = YES_AGGRESSIVE;
				CLANG_WARN_UNREACHABLE_CODE = YES;
				CLANG_WARN__DUPLICATE_METHOD_MATCH = YES;
				COPY_PHASE_STRIP = NO;
				DEBUG_INFORMATION_FORMAT = dwarf;
				DEVELOPMENT_TEAM = 2VZHH854RQ;
				ENABLE_STRICT_OBJC_MSGSEND = YES;
				ENABLE_TESTABILITY = YES;
				ENABLE_USER_SCRIPT_SANDBOXING = YES;
				GCC_C_LANGUAGE_STANDARD = gnu17;
				GCC_DYNAMIC_NO_PIC = NO;
				GCC_NO_COMMON_BLOCKS = YES;
				GCC_OPTIMIZATION_LEVEL = 0;
				GCC_PREPROCESSOR_DEFINITIONS = (
					"DEBUG=1",
					"$(inherited)",
				);
				GCC_WARN_64_TO_32_BIT_CONVERSION = YES;
				GCC_WARN_ABOUT_RETURN_TYPE = YES_ERROR;
				GCC_WARN_UNDECLARED_SELECTOR = YES;
				GCC_WARN_UNINITIALIZED_AUTOS = YES_AGGRESSIVE;
				GCC_WARN_UNUSED_FUNCTION = YES;
				GCC_WARN_UNUSED_VARIABLE = YES;
				IPHONEOS_DEPLOYMENT_TARGET = 18.5;
				LOCALIZATION_PREFERS_STRING_CATALOGS = YES;
				MTL_ENABLE_DEBUG_INFO = INCLUDE_SOURCE;
				MTL_FAST_MATH = YES;
				ONLY_ACTIVE_ARCH = YES;
				SDKROOT = iphoneos;
				SWIFT_ACTIVE_COMPILATION_CONDITIONS = "DEBUG $(inherited)";
				SWIFT_OPTIMIZATION_LEVEL = "-Onone";
			};
			name = Debug;
		};
		7D8AE1AD2ED6207D00A433E3 /* Release */ = {
			isa = XCBuildConfiguration;
			buildSettings = {
				ALWAYS_SEARCH_USER_PATHS = NO;
				ASSETCATALOG_COMPILER_GENERATE_SWIFT_ASSET_SYMBOL_EXTENSIONS = YES;
				CLANG_ANALYZER_NONNULL = YES;
				CLANG_ANALYZER_NUMBER_OBJECT_CONVERSION = YES_AGGRESSIVE;
				CLANG_CXX_LANGUAGE_STANDARD = "gnu++20";
				CLANG_ENABLE_MODULES = YES;
				CLANG_ENABLE_OBJC_ARC = YES;
				CLANG_ENABLE_OBJC_WEAK = YES;
				CLANG_WARN_BLOCK_CAPTURE_AUTORELEASING = YES;
				CLANG_WARN_BOOL_CONVERSION = YES;
				CLANG_WARN_COMMA = YES;
				CLANG_WARN_CONSTANT_CONVERSION = YES;
				CLANG_WARN_DEPRECATED_OBJC_IMPLEMENTATIONS = YES;
				CLANG_WARN_DIRECT_OBJC_ISA_USAGE = YES_ERROR;
				CLANG_WARN_DOCUMENTATION_COMMENTS = YES;
				CLANG_WARN_EMPTY_BODY = YES;
				CLANG_WARN_ENUM_CONVERSION = YES;
				CLANG_WARN_INFINITE_RECURSION = YES;
				CLANG_WARN_INT_CONVERSION = YES;
				CLANG_WARN_NON_LITERAL_NULL_CONVERSION = YES;
				CLANG_WARN_OBJC_IMPLICIT_RETAIN_SELF = YES;
				CLANG_WARN_OBJC_LITERAL_CONVERSION = YES;
				CLANG_WARN_OBJC_ROOT_CLASS = YES_ERROR;
				CLANG_WARN_QUOTED_INCLUDE_IN_FRAMEWORK_HEADER = YES;
				CLANG_WARN_RANGE_LOOP_ANALYSIS = YES;
				CLANG_WARN_STRICT_PROTOTYPES = YES;
				CLANG_WARN_SUSPICIOUS_MOVE = YES;
				CLANG_WARN_UNGUARDED_AVAILABILITY = YES_AGGRESSIVE;
				CLANG_WARN_UNREACHABLE_CODE = YES;
				CLANG_WARN__DUPLICATE_METHOD_MATCH = YES;
				COPY_PHASE_STRIP = NO;
				DEBUG_INFORMATION_FORMAT = "dwarf-with-dsym";
				DEVELOPMENT_TEAM = 2VZHH854RQ;
				ENABLE_NS_ASSERTIONS = NO;
				ENABLE_STRICT_OBJC_MSGSEND = YES;
				ENABLE_USER_SCRIPT_SANDBOXING = YES;
				GCC_C_LANGUAGE_STANDARD = gnu17;
				GCC_NO_COMMON_BLOCKS = YES;
				GCC_WARN_64_TO_32_BIT_CONVERSION = YES;
				GCC_WARN_ABOUT_RETURN_TYPE = YES_ERROR;
				GCC_WARN_UNDECLARED_SELECTOR = YES;
				GCC_WARN_UNINITIALIZED_AUTOS = YES_AGGRESSIVE;
				GCC_WARN_UNUSED_FUNCTION = YES;
				GCC_WARN_UNUSED_VARIABLE = YES;
				IPHONEOS_DEPLOYMENT_TARGET = 18.5;
				LOCALIZATION_PREFERS_STRING_CATALOGS = YES;
				MTL_ENABLE_DEBUG_INFO = NO;
				MTL_FAST_MATH = YES;
				SDKROOT = iphoneos;
				SWIFT_COMPILATION_MODE = wholemodule;
				VALIDATE_PRODUCT = YES;
			};
			name = Release;
		};
		7D8AE1AF2ED6207D00A433E3 /* Debug */ = {
			isa = XCBuildConfiguration;
			buildSettings = {
				BUNDLE_LOADER = "$(TEST_HOST)";
				CODE_SIGN_STYLE = Automatic;
				CURRENT_PROJECT_VERSION = 1;
				DEVELOPMENT_TEAM = 2VZHH854RQ;
				GENERATE_INFOPLIST_FILE = YES;
				IPHONEOS_DEPLOYMENT_TARGET = 18.5;
				MARKETING_VERSION = 1.0;
				PRODUCT_BUNDLE_IDENTIFIER = com.winr.WINRExampleTests;
				PRODUCT_NAME = "$(TARGET_NAME)";
				SWIFT_EMIT_LOC_STRINGS = NO;
				SWIFT_VERSION = 5.0;
				TARGETED_DEVICE_FAMILY = "1,2";
				TEST_HOST = "$(BUILT_PRODUCTS_DIR)/WINRExample.app/$(BUNDLE_EXECUTABLE_FOLDER_PATH)/WINRExample";
			};
			name = Debug;
		};
		7D8AE1B02ED6207D00A433E3 /* Release */ = {
			isa = XCBuildConfiguration;
			buildSettings = {
				BUNDLE_LOADER = "$(TEST_HOST)";
				CODE_SIGN_STYLE = Automatic;
				CURRENT_PROJECT_VERSION = 1;
				DEVELOPMENT_TEAM = 2VZHH854RQ;
				GENERATE_INFOPLIST_FILE = YES;
				IPHONEOS_DEPLOYMENT_TARGET = 18.5;
				MARKETING_VERSION = 1.0;
				PRODUCT_BUNDLE_IDENTIFIER = com.winr.WINRExampleTests;
				PRODUCT_NAME = "$(TARGET_NAME)";
				SWIFT_EMIT_LOC_STRINGS = NO;
				SWIFT_VERSION = 5.0;
				TARGETED_DEVICE_FAMILY = "1,2";
				TEST_HOST = "$(BUILT_PRODUCTS_DIR)/WINRExample.app/$(BUNDLE_EXECUTABLE_FOLDER_PATH)/WINRExample";
			};
			name = Release;
		};
		7D8AE1B22ED6207D00A433E3 /* Debug */ = {
			isa = XCBuildConfiguration;
			buildSettings = {
				CODE_SIGN_STYLE = Automatic;
				CURRENT_PROJECT_VERSION = 1;
				DEVELOPMENT_TEAM = 2VZHH854RQ;
				GENERATE_INFOPLIST_FILE = YES;
				MARKETING_VERSION = 1.0;
				PRODUCT_BUNDLE_IDENTIFIER = com.winr.WINRExampleUITests;
				PRODUCT_NAME = "$(TARGET_NAME)";
				SWIFT_EMIT_LOC_STRINGS = NO;
				SWIFT_VERSION = 5.0;
				TARGETED_DEVICE_FAMILY = "1,2";
				TEST_TARGET_NAME = WINRExample;
			};
			name = Debug;
		};
		7D8AE1B32ED6207D00A433E3 /* Release */ = {
			isa = XCBuildConfiguration;
			buildSettings = {
				CODE_SIGN_STYLE = Automatic;
				CURRENT_PROJECT_VERSION = 1;
				DEVELOPMENT_TEAM = 2VZHH854RQ;
				GENERATE_INFOPLIST_FILE = YES;
				MARKETING_VERSION = 1.0;
				PRODUCT_BUNDLE_IDENTIFIER = com.winr.WINRExampleUITests;
				PRODUCT_NAME = "$(TARGET_NAME)";
				SWIFT_EMIT_LOC_STRINGS = NO;
				SWIFT_VERSION = 5.0;
				TARGETED_DEVICE_FAMILY = "1,2";
				TEST_TARGET_NAME = WINRExample;
			};
			name = Release;
		};
/* End XCBuildConfiguration section */

/* Begin XCConfigurationList section */
		7D8AE17B2ED6207C00A433E3 /* Build configuration list for PBXProject "WINRExample" */ = {
			isa = XCConfigurationList;
			buildConfigurations = (
				7D8AE1AC2ED6207D00A433E3 /* Debug */,
				7D8AE1AD2ED6207D00A433E3 /* Release */,
			);
			defaultConfigurationIsVisible = 0;
			defaultConfigurationName = Release;
		};
		7D8AE1A92ED6207D00A433E3 /* Build configuration list for PBXNativeTarget "WINRExample" */ = {
			isa = XCConfigurationList;
			buildConfigurations = (
				7D8AE1AA2ED6207D00A433E3 /* Debug */,
				7D8AE1AB2ED6207D00A433E3 /* Release */,
			);
			defaultConfigurationIsVisible = 0;
			defaultConfigurationName = Release;
		};
		7D8AE1AE2ED6207D00A433E3 /* Build configuration list for PBXNativeTarget "WINRExampleTests" */ = {
			isa = XCConfigurationList;
			buildConfigurations = (
				7D8AE1AF2ED6207D00A433E3 /* Debug */,
				7D8AE1B02ED6207D00A433E3 /* Release */,
			);
			defaultConfigurationIsVisible = 0;
			defaultConfigurationName = Release;
		};
		7D8AE1B12ED6207D00A433E3 /* Build configuration list for PBXNativeTarget "WINRExampleUITests" */ = {
			isa = XCConfigurationList;
			buildConfigurations = (
				7D8AE1B22ED6207D00A433E3 /* Debug */,
				7D8AE1B32ED6207D00A433E3 /* Release */,
			);
			defaultConfigurationIsVisible = 0;
			defaultConfigurationName = Release;
		};
/* End XCConfigurationList section */

/* Begin XCLocalSwiftPackageReference section */
		7D7607372ED6656B0030FF38 /* XCLocalSwiftPackageReference ".." */ = {
			isa = XCLocalSwiftPackageReference;
			relativePath = ..;
		};
/* End XCLocalSwiftPackageReference section */

/* Begin XCSwiftPackageProductDependency section */
		7D7607382ED6656B0030FF38 /* WINRSDK */ = {
			isa = XCSwiftPackageProductDependency;
			productName = WINRSDK;
		};
		7DC28E8A2ED6239400DF46E4 /* WINRSDK */ = {
			isa = XCSwiftPackageProductDependency;
			productName = WINRSDK;
		};
/* End XCSwiftPackageProductDependency section */
	};
	rootObject = 7D8AE1782ED6207C00A433E3 /* Project object */;
}
